
Microsoft Visual Studio Solution File, Format Version 12.00
# Visual Studio Version 16
VisualStudioVersion = 16.0.32630.194
MinimumVisualStudioVersion = 10.0.40219.1
Project("{FAE04EC0-301F-11D3-BF4B-00C04F79EFBC}") = "PG_UI2", "PG_UI2\PG_UI2.csproj", "{875482E7-5CE1-48F6-A973-7D8AEA0483CC}"
	ProjectSection(ProjectDependencies) = postProject
		{8B3759E8-DE0B-4E4E-84E6-5D0CA5259083} = {8B3759E8-DE0B-4E4E-84E6-5D0CA5259083}
	EndProjectSection
EndProject
Project("{8BC9CEB8-8B4A-11D0-8D11-00A0C91BC942}") = "PG_ISP", "PG_ISP\PG_ISP.vcxproj", "{748FB473-5223-4901-A8CB-CFE9BBFE44A7}"
EndProject
Project("{8BC9CEB8-8B4A-11D0-8D11-00A0C91BC942}") = "JIG_BOX", "JIG_BOX\JIG_BOX.vcxproj", "{8B3759E8-DE0B-4E4E-84E6-5D0CA5259083}"
EndProject
Project("{FAE04EC0-301F-11D3-BF4B-00C04F79EFBC}") = "NoiseLib", "NoiseLib\NoiseLib.csproj", "{F8C1C569-51F8-4583-AA19-3E6B11348C92}"
EndProject
Project("{FAE04EC0-301F-11D3-BF4B-00C04F79EFBC}") = "CoreLib", "CoreLib\CoreLib.csproj", "{E24D5745-692F-414E-9A6B-9E57C9C8E9F4}"
EndProject
Project("{8BC9CEB8-8B4A-11D0-8D11-00A0C91BC942}") = "OpticalSensor", "OpticalSensor\optical_sensor.vcxproj", "{4A74DE4D-4226-43EF-AD6B-CBCC7D9B25E6}"
EndProject
Project("{FAE04EC0-301F-11D3-BF4B-00C04F79EFBC}") = "InstrumentLib", "InstrumentLib\InstrumentLib.csproj", "{736F87DB-EE4C-4927-A5AB-B85FC0FAF000}"
EndProject
Project("{FAE04EC0-301F-11D3-BF4B-00C04F79EFBC}") = "ImageSignalProcessorLib", "ImageSignalProcessorLib\ImageSignalProcessorLib.csproj", "{D28AF134-AC01-4E82-B002-21ADC6ED5824}"
EndProject
Project("{8BC9CEB8-8B4A-11D0-8D11-00A0C91BC942}") = "UVCExtension", "UVCExtension\UVCExtension.vcxproj", "{36F2F583-0E81-4E0F-BFCF-DAD972EC1166}"
EndProject
Project("{8BC9CEB8-8B4A-11D0-8D11-00A0C91BC942}") = "MipiOnlyLib", "MipiOnlyLib\MipiOnlyLib.vcxproj", "{90E82BC6-85E7-4A5C-8476-DDF511B55E2C}"
EndProject
Project("{FAE04EC0-301F-11D3-BF4B-00C04F79EFBC}") = "TyrafosLibrary", "TyrafosLibrary\TyrafosLibrary.csproj", "{02CAF8E2-6A15-41F2-8A8C-B434CAA3B6F9}"
EndProject
Project("{2150E333-8FDC-42A3-9474-1A3956D46DE8}") = "CppProject", "CppProject", "{6E9D1D30-832A-4028-B18F-0EB64BA6BE68}"
EndProject
Project("{FAE04EC0-301F-11D3-BF4B-00C04F79EFBC}") = "System.Extension", "System.Extension\System.Extension.csproj", "{7F70BDE2-D422-4829-ACC5-222D8B4831F9}"
EndProject
Global
	GlobalSection(SolutionConfigurationPlatforms) = preSolution
		Debug|Any CPU = Debug|Any CPU
		Debug|x64 = Debug|x64
		Debug|x86 = Debug|x86
		Release|Any CPU = Release|Any CPU
		Release|x64 = Release|x64
		Release|x86 = Release|x86
	EndGlobalSection
	GlobalSection(ProjectConfigurationPlatforms) = postSolution
		{875482E7-5CE1-48F6-A973-7D8AEA0483CC}.Debug|Any CPU.ActiveCfg = Debug|Any CPU
		{875482E7-5CE1-48F6-A973-7D8AEA0483CC}.Debug|Any CPU.Build.0 = Debug|Any CPU
		{875482E7-5CE1-48F6-A973-7D8AEA0483CC}.Debug|x64.ActiveCfg = Debug|Any CPU
		{875482E7-5CE1-48F6-A973-7D8AEA0483CC}.Debug|x64.Build.0 = Debug|Any CPU
		{875482E7-5CE1-48F6-A973-7D8AEA0483CC}.Debug|x86.ActiveCfg = Debug|Any CPU
		{875482E7-5CE1-48F6-A973-7D8AEA0483CC}.Debug|x86.Build.0 = Debug|Any CPU
		{875482E7-5CE1-48F6-A973-7D8AEA0483CC}.Release|Any CPU.ActiveCfg = Release|Any CPU
		{875482E7-5CE1-48F6-A973-7D8AEA0483CC}.Release|Any CPU.Build.0 = Release|Any CPU
		{875482E7-5CE1-48F6-A973-7D8AEA0483CC}.Release|x64.ActiveCfg = Release|Any CPU
		{875482E7-5CE1-48F6-A973-7D8AEA0483CC}.Release|x64.Build.0 = Release|Any CPU
		{875482E7-5CE1-48F6-A973-7D8AEA0483CC}.Release|x86.ActiveCfg = Release|Any CPU
		{875482E7-5CE1-48F6-A973-7D8AEA0483CC}.Release|x86.Build.0 = Release|Any CPU
		{748FB473-5223-4901-A8CB-CFE9BBFE44A7}.Debug|Any CPU.ActiveCfg = Debug|Win32
		{748FB473-5223-4901-A8CB-CFE9BBFE44A7}.Debug|Any CPU.Build.0 = Debug|Win32
		{748FB473-5223-4901-A8CB-CFE9BBFE44A7}.Debug|x64.ActiveCfg = Debug|x64
		{748FB473-5223-4901-A8CB-CFE9BBFE44A7}.Debug|x64.Build.0 = Debug|x64
		{748FB473-5223-4901-A8CB-CFE9BBFE44A7}.Debug|x86.ActiveCfg = Debug|Win32
		{748FB473-5223-4901-A8CB-CFE9BBFE44A7}.Debug|x86.Build.0 = Debug|Win32
		{748FB473-5223-4901-A8CB-CFE9BBFE44A7}.Release|Any CPU.ActiveCfg = Release|Win32
		{748FB473-5223-4901-A8CB-CFE9BBFE44A7}.Release|Any CPU.Build.0 = Release|Win32
		{748FB473-5223-4901-A8CB-CFE9BBFE44A7}.Release|x64.ActiveCfg = Release|x64
		{748FB473-5223-4901-A8CB-CFE9BBFE44A7}.Release|x64.Build.0 = Release|x64
		{748FB473-5223-4901-A8CB-CFE9BBFE44A7}.Release|x86.ActiveCfg = Release|Win32
		{748FB473-5223-4901-A8CB-CFE9BBFE44A7}.Release|x86.Build.0 = Release|Win32
		{8B3759E8-DE0B-4E4E-84E6-5D0CA5259083}.Debug|Any CPU.ActiveCfg = Debug|Win32
		{8B3759E8-DE0B-4E4E-84E6-5D0CA5259083}.Debug|Any CPU.Build.0 = Debug|Win32
		{8B3759E8-DE0B-4E4E-84E6-5D0CA5259083}.Debug|x64.ActiveCfg = Debug|x64
		{8B3759E8-DE0B-4E4E-84E6-5D0CA5259083}.Debug|x64.Build.0 = Debug|x64
		{8B3759E8-DE0B-4E4E-84E6-5D0CA5259083}.Debug|x86.ActiveCfg = Debug|Win32
		{8B3759E8-DE0B-4E4E-84E6-5D0CA5259083}.Debug|x86.Build.0 = Debug|Win32
		{8B3759E8-DE0B-4E4E-84E6-5D0CA5259083}.Release|Any CPU.ActiveCfg = Release|Win32
		{8B3759E8-DE0B-4E4E-84E6-5D0CA5259083}.Release|Any CPU.Build.0 = Release|Win32
		{8B3759E8-DE0B-4E4E-84E6-5D0CA5259083}.Release|x64.ActiveCfg = Release|x64
		{8B3759E8-DE0B-4E4E-84E6-5D0CA5259083}.Release|x64.Build.0 = Release|x64
		{8B3759E8-DE0B-4E4E-84E6-5D0CA5259083}.Release|x86.ActiveCfg = Release|Win32
		{8B3759E8-DE0B-4E4E-84E6-5D0CA5259083}.Release|x86.Build.0 = Release|Win32
		{F8C1C569-51F8-4583-AA19-3E6B11348C92}.Debug|Any CPU.ActiveCfg = Debug|Any CPU
		{F8C1C569-51F8-4583-AA19-3E6B11348C92}.Debug|Any CPU.Build.0 = Debug|Any CPU
		{F8C1C569-51F8-4583-AA19-3E6B11348C92}.Debug|x64.ActiveCfg = Debug|Any CPU
		{F8C1C569-51F8-4583-AA19-3E6B11348C92}.Debug|x64.Build.0 = Debug|Any CPU
		{F8C1C569-51F8-4583-AA19-3E6B11348C92}.Debug|x86.ActiveCfg = Debug|Any CPU
		{F8C1C569-51F8-4583-AA19-3E6B11348C92}.Debug|x86.Build.0 = Debug|Any CPU
		{F8C1C569-51F8-4583-AA19-3E6B11348C92}.Release|Any CPU.ActiveCfg = Release|Any CPU
		{F8C1C569-51F8-4583-AA19-3E6B11348C92}.Release|Any CPU.Build.0 = Release|Any CPU
		{F8C1C569-51F8-4583-AA19-3E6B11348C92}.Release|x64.ActiveCfg = Release|Any CPU
		{F8C1C569-51F8-4583-AA19-3E6B11348C92}.Release|x64.Build.0 = Release|Any CPU
		{F8C1C569-51F8-4583-AA19-3E6B11348C92}.Release|x86.ActiveCfg = Release|Any CPU
		{F8C1C569-51F8-4583-AA19-3E6B11348C92}.Release|x86.Build.0 = Release|Any CPU
		{E24D5745-692F-414E-9A6B-9E57C9C8E9F4}.Debug|Any CPU.ActiveCfg = Debug|Any CPU
		{E24D5745-692F-414E-9A6B-9E57C9C8E9F4}.Debug|Any CPU.Build.0 = Debug|Any CPU
		{E24D5745-692F-414E-9A6B-9E57C9C8E9F4}.Debug|x64.ActiveCfg = Debug|Any CPU
		{E24D5745-692F-414E-9A6B-9E57C9C8E9F4}.Debug|x64.Build.0 = Debug|Any CPU
		{E24D5745-692F-414E-9A6B-9E57C9C8E9F4}.Debug|x86.ActiveCfg = Debug|Any CPU
		{E24D5745-692F-414E-9A6B-9E57C9C8E9F4}.Debug|x86.Build.0 = Debug|Any CPU
		{E24D5745-692F-414E-9A6B-9E57C9C8E9F4}.Release|Any CPU.ActiveCfg = Release|Any CPU
		{E24D5745-692F-414E-9A6B-9E57C9C8E9F4}.Release|Any CPU.Build.0 = Release|Any CPU
		{E24D5745-692F-414E-9A6B-9E57C9C8E9F4}.Release|x64.ActiveCfg = Release|Any CPU
		{E24D5745-692F-414E-9A6B-9E57C9C8E9F4}.Release|x64.Build.0 = Release|Any CPU
		{E24D5745-692F-414E-9A6B-9E57C9C8E9F4}.Release|x86.ActiveCfg = Release|Any CPU
		{E24D5745-692F-414E-9A6B-9E57C9C8E9F4}.Release|x86.Build.0 = Release|Any CPU
		{4A74DE4D-4226-43EF-AD6B-CBCC7D9B25E6}.Debug|Any CPU.ActiveCfg = Debug|Win32
		{4A74DE4D-4226-43EF-AD6B-CBCC7D9B25E6}.Debug|Any CPU.Build.0 = Debug|Win32
		{4A74DE4D-4226-43EF-AD6B-CBCC7D9B25E6}.Debug|x64.ActiveCfg = Debug|Win32
		{4A74DE4D-4226-43EF-AD6B-CBCC7D9B25E6}.Debug|x86.ActiveCfg = Debug|Win32
		{4A74DE4D-4226-43EF-AD6B-CBCC7D9B25E6}.Debug|x86.Build.0 = Debug|Win32
		{4A74DE4D-4226-43EF-AD6B-CBCC7D9B25E6}.Release|Any CPU.ActiveCfg = Release|Win32
		{4A74DE4D-4226-43EF-AD6B-CBCC7D9B25E6}.Release|Any CPU.Build.0 = Release|Win32
		{4A74DE4D-4226-43EF-AD6B-CBCC7D9B25E6}.Release|x64.ActiveCfg = Release|Win32
		{4A74DE4D-4226-43EF-AD6B-CBCC7D9B25E6}.Release|x86.ActiveCfg = Release|Win32
		{4A74DE4D-4226-43EF-AD6B-CBCC7D9B25E6}.Release|x86.Build.0 = Release|Win32
		{736F87DB-EE4C-4927-A5AB-B85FC0FAF000}.Debug|Any CPU.ActiveCfg = Debug|Any CPU
		{736F87DB-EE4C-4927-A5AB-B85FC0FAF000}.Debug|Any CPU.Build.0 = Debug|Any CPU
		{736F87DB-EE4C-4927-A5AB-B85FC0FAF000}.Debug|x64.ActiveCfg = Debug|Any CPU
		{736F87DB-EE4C-4927-A5AB-B85FC0FAF000}.Debug|x64.Build.0 = Debug|Any CPU
		{736F87DB-EE4C-4927-A5AB-B85FC0FAF000}.Debug|x86.ActiveCfg = Debug|Any CPU
		{736F87DB-EE4C-4927-A5AB-B85FC0FAF000}.Debug|x86.Build.0 = Debug|Any CPU
		{736F87DB-EE4C-4927-A5AB-B85FC0FAF000}.Release|Any CPU.ActiveCfg = Release|Any CPU
		{736F87DB-EE4C-4927-A5AB-B85FC0FAF000}.Release|Any CPU.Build.0 = Release|Any CPU
		{736F87DB-EE4C-4927-A5AB-B85FC0FAF000}.Release|x64.ActiveCfg = Release|Any CPU
		{736F87DB-EE4C-4927-A5AB-B85FC0FAF000}.Release|x64.Build.0 = Release|Any CPU
		{736F87DB-EE4C-4927-A5AB-B85FC0FAF000}.Release|x86.ActiveCfg = Release|Any CPU
		{736F87DB-EE4C-4927-A5AB-B85FC0FAF000}.Release|x86.Build.0 = Release|Any CPU
		{D28AF134-AC01-4E82-B002-21ADC6ED5824}.Debug|Any CPU.ActiveCfg = Debug|Any CPU
		{D28AF134-AC01-4E82-B002-21ADC6ED5824}.Debug|Any CPU.Build.0 = Debug|Any CPU
		{D28AF134-AC01-4E82-B002-21ADC6ED5824}.Debug|x64.ActiveCfg = Debug|Any CPU
		{D28AF134-AC01-4E82-B002-21ADC6ED5824}.Debug|x64.Build.0 = Debug|Any CPU
		{D28AF134-AC01-4E82-B002-21ADC6ED5824}.Debug|x86.ActiveCfg = Debug|Any CPU
		{D28AF134-AC01-4E82-B002-21ADC6ED5824}.Debug|x86.Build.0 = Debug|Any CPU
		{D28AF134-AC01-4E82-B002-21ADC6ED5824}.Release|Any CPU.ActiveCfg = Release|Any CPU
		{D28AF134-AC01-4E82-B002-21ADC6ED5824}.Release|Any CPU.Build.0 = Release|Any CPU
		{D28AF134-AC01-4E82-B002-21ADC6ED5824}.Release|x64.ActiveCfg = Release|Any CPU
		{D28AF134-AC01-4E82-B002-21ADC6ED5824}.Release|x64.Build.0 = Release|Any CPU
		{D28AF134-AC01-4E82-B002-21ADC6ED5824}.Release|x86.ActiveCfg = Release|Any CPU
		{D28AF134-AC01-4E82-B002-21ADC6ED5824}.Release|x86.Build.0 = Release|Any CPU
		{36F2F583-0E81-4E0F-BFCF-DAD972EC1166}.Debug|Any CPU.ActiveCfg = Debug|Win32
		{36F2F583-0E81-4E0F-BFCF-DAD972EC1166}.Debug|Any CPU.Build.0 = Debug|Win32
		{36F2F583-0E81-4E0F-BFCF-DAD972EC1166}.Debug|x64.ActiveCfg = Debug|x64
		{36F2F583-0E81-4E0F-BFCF-DAD972EC1166}.Debug|x64.Build.0 = Debug|x64
		{36F2F583-0E81-4E0F-BFCF-DAD972EC1166}.Debug|x86.ActiveCfg = Debug|Win32
		{36F2F583-0E81-4E0F-BFCF-DAD972EC1166}.Debug|x86.Build.0 = Debug|Win32
		{36F2F583-0E81-4E0F-BFCF-DAD972EC1166}.Release|Any CPU.ActiveCfg = Release|Win32
		{36F2F583-0E81-4E0F-BFCF-DAD972EC1166}.Release|Any CPU.Build.0 = Release|Win32
		{36F2F583-0E81-4E0F-BFCF-DAD972EC1166}.Release|x64.ActiveCfg = Release|x64
		{36F2F583-0E81-4E0F-BFCF-DAD972EC1166}.Release|x64.Build.0 = Release|x64
		{36F2F583-0E81-4E0F-BFCF-DAD972EC1166}.Release|x86.ActiveCfg = Release|Win32
		{36F2F583-0E81-4E0F-BFCF-DAD972EC1166}.Release|x86.Build.0 = Release|Win32
		{90E82BC6-85E7-4A5C-8476-DDF511B55E2C}.Debug|Any CPU.ActiveCfg = Debug|Win32
		{90E82BC6-85E7-4A5C-8476-DDF511B55E2C}.Debug|Any CPU.Build.0 = Debug|Win32
		{90E82BC6-85E7-4A5C-8476-DDF511B55E2C}.Debug|x64.ActiveCfg = Debug|x64
		{90E82BC6-85E7-4A5C-8476-DDF511B55E2C}.Debug|x64.Build.0 = Debug|x64
		{90E82BC6-85E7-4A5C-8476-DDF511B55E2C}.Debug|x86.ActiveCfg = Debug|Win32
		{90E82BC6-85E7-4A5C-8476-DDF511B55E2C}.Debug|x86.Build.0 = Debug|Win32
		{90E82BC6-85E7-4A5C-8476-DDF511B55E2C}.Release|Any CPU.ActiveCfg = Release|Win32
		{90E82BC6-85E7-4A5C-8476-DDF511B55E2C}.Release|Any CPU.Build.0 = Release|Win32
		{90E82BC6-85E7-4A5C-8476-DDF511B55E2C}.Release|x64.ActiveCfg = Release|x64
		{90E82BC6-85E7-4A5C-8476-DDF511B55E2C}.Release|x64.Build.0 = Release|x64
		{90E82BC6-85E7-4A5C-8476-DDF511B55E2C}.Release|x86.ActiveCfg = Release|Win32
		{90E82BC6-85E7-4A5C-8476-DDF511B55E2C}.Release|x86.Build.0 = Release|Win32
		{02CAF8E2-6A15-41F2-8A8C-B434CAA3B6F9}.Debug|Any CPU.ActiveCfg = Debug|Any CPU
		{02CAF8E2-6A15-41F2-8A8C-B434CAA3B6F9}.Debug|Any CPU.Build.0 = Debug|Any CPU
		{02CAF8E2-6A15-41F2-8A8C-B434CAA3B6F9}.Debug|x64.ActiveCfg = Debug|Any CPU
		{02CAF8E2-6A15-41F2-8A8C-B434CAA3B6F9}.Debug|x64.Build.0 = Debug|Any CPU
		{02CAF8E2-6A15-41F2-8A8C-B434CAA3B6F9}.Debug|x86.ActiveCfg = Debug|Any CPU
		{02CAF8E2-6A15-41F2-8A8C-B434CAA3B6F9}.Debug|x86.Build.0 = Debug|Any CPU
		{02CAF8E2-6A15-41F2-8A8C-B434CAA3B6F9}.Release|Any CPU.ActiveCfg = Release|Any CPU
		{02CAF8E2-6A15-41F2-8A8C-B434CAA3B6F9}.Release|Any CPU.Build.0 = Release|Any CPU
		{02CAF8E2-6A15-41F2-8A8C-B434CAA3B6F9}.Release|x64.ActiveCfg = Release|Any CPU
		{02CAF8E2-6A15-41F2-8A8C-B434CAA3B6F9}.Release|x64.Build.0 = Release|Any CPU
		{02CAF8E2-6A15-41F2-8A8C-B434CAA3B6F9}.Release|x86.ActiveCfg = Release|Any CPU
		{02CAF8E2-6A15-41F2-8A8C-B434CAA3B6F9}.Release|x86.Build.0 = Release|Any CPU
		{7F70BDE2-D422-4829-ACC5-222D8B4831F9}.Debug|Any CPU.ActiveCfg = Debug|Any CPU
		{7F70BDE2-D422-4829-ACC5-222D8B4831F9}.Debug|Any CPU.Build.0 = Debug|Any CPU
		{7F70BDE2-D422-4829-ACC5-222D8B4831F9}.Debug|x64.ActiveCfg = Debug|Any CPU
		{7F70BDE2-D422-4829-ACC5-222D8B4831F9}.Debug|x64.Build.0 = Debug|Any CPU
		{7F70BDE2-D422-4829-ACC5-222D8B4831F9}.Debug|x86.ActiveCfg = Debug|Any CPU
		{7F70BDE2-D422-4829-ACC5-222D8B4831F9}.Debug|x86.Build.0 = Debug|Any CPU
		{7F70BDE2-D422-4829-ACC5-222D8B4831F9}.Release|Any CPU.ActiveCfg = Release|Any CPU
		{7F70BDE2-D422-4829-ACC5-222D8B4831F9}.Release|Any CPU.Build.0 = Release|Any CPU
		{7F70BDE2-D422-4829-ACC5-222D8B4831F9}.Release|x64.ActiveCfg = Release|Any CPU
		{7F70BDE2-D422-4829-ACC5-222D8B4831F9}.Release|x64.Build.0 = Release|Any CPU
		{7F70BDE2-D422-4829-ACC5-222D8B4831F9}.Release|x86.ActiveCfg = Release|Any CPU
		{7F70BDE2-D422-4829-ACC5-222D8B4831F9}.Release|x86.Build.0 = Release|Any CPU
	EndGlobalSection
	GlobalSection(SolutionProperties) = preSolution
		HideSolutionNode = FALSE
	EndGlobalSection
	GlobalSection(NestedProjects) = preSolution
		{748FB473-5223-4901-A8CB-CFE9BBFE44A7} = {6E9D1D30-832A-4028-B18F-0EB64BA6BE68}
		{8B3759E8-DE0B-4E4E-84E6-5D0CA5259083} = {6E9D1D30-832A-4028-B18F-0EB64BA6BE68}
		{4A74DE4D-4226-43EF-AD6B-CBCC7D9B25E6} = {6E9D1D30-832A-4028-B18F-0EB64BA6BE68}
		{36F2F583-0E81-4E0F-BFCF-DAD972EC1166} = {6E9D1D30-832A-4028-B18F-0EB64BA6BE68}
		{90E82BC6-85E7-4A5C-8476-DDF511B55E2C} = {6E9D1D30-832A-4028-B18F-0EB64BA6BE68}
	EndGlobalSection
	GlobalSection(ExtensibilityGlobals) = postSolution
		SolutionGuid = {F17ABFA2-BC6D-49A4-8483-6044FC9F60E5}
	EndGlobalSection
EndGlobal
