<?xml version="1.0" encoding="utf-8"?>
<Project ToolsVersion="4.0" xmlns="http://schemas.microsoft.com/developer/msbuild/2003">
  <ItemGroup>
    <Filter Include="Source Files">
      <UniqueIdentifier>{4FC737F1-C7A5-4376-A066-2A32D752A2FF}</UniqueIdentifier>
      <Extensions>cpp;c;cc;cxx;def;odl;idl;hpj;bat;asm;asmx</Extensions>
    </Filter>
    <Filter Include="Header Files">
      <UniqueIdentifier>{93995380-89BD-4b04-88EB-625FBE52EBFB}</UniqueIdentifier>
      <Extensions>h;hpp;hxx;hm;inl;inc;xsd</Extensions>
    </Filter>
    <Filter Include="Resource Files">
      <UniqueIdentifier>{67DA6AB6-F800-4c08-8B7A-83BB121AAD01}</UniqueIdentifier>
      <Extensions>rc;ico;cur;bmp;dlg;rc2;rct;bin;rgs;gif;jpg;jpeg;jpe;resx;tiff;tif;png;wav</Extensions>
    </Filter>
  </ItemGroup>
  <ItemGroup>
    <ClCompile Include="cis_command.cpp">
      <Filter>Source Files</Filter>
    </ClCompile>
    <ClCompile Include="command_packet.cpp">
      <Filter>Source Files</Filter>
    </ClCompile>
    <ClCompile Include="fpsapi.cpp">
      <Filter>Source Files</Filter>
    </ClCompile>
    <ClCompile Include="optical_sensor.cpp">
      <Filter>Source Files</Filter>
    </ClCompile>
    <ClCompile Include="scp.cpp">
      <Filter>Source Files</Filter>
    </ClCompile>
    <ClCompile Include="stdafx.cpp">
      <Filter>Source Files</Filter>
    </ClCompile>
    <ClCompile Include="usbemu.cpp">
      <Filter>Source Files</Filter>
    </ClCompile>
    <ClCompile Include="ClrOpticalSensor.cpp">
      <Filter>Source Files</Filter>
    </ClCompile>
    <ClCompile Include="ArderAE.cpp">
      <Filter>Source Files</Filter>
    </ClCompile>
  </ItemGroup>
  <ItemGroup>
    <None Include="optical_sensor.def">
      <Filter>Source Files</Filter>
    </None>
    <None Include="res\optical_sensor.rc2">
      <Filter>Resource Files</Filter>
    </None>
  </ItemGroup>
  <ItemGroup>
    <ClInclude Include="cis_cmd.h">
      <Filter>Header Files</Filter>
    </ClInclude>
    <ClInclude Include="command_packet.h">
      <Filter>Header Files</Filter>
    </ClInclude>
    <ClInclude Include="fps_stru.h">
      <Filter>Header Files</Filter>
    </ClInclude>
    <ClInclude Include="fpsapi.h">
      <Filter>Header Files</Filter>
    </ClInclude>
    <ClInclude Include="fw_opcode.h">
      <Filter>Header Files</Filter>
    </ClInclude>
    <ClInclude Include="ModuleDef.h">
      <Filter>Header Files</Filter>
    </ClInclude>
    <ClInclude Include="optical_sensor.h">
      <Filter>Header Files</Filter>
    </ClInclude>
    <ClInclude Include="Resource.h">
      <Filter>Header Files</Filter>
    </ClInclude>
    <ClInclude Include="scp.h">
      <Filter>Header Files</Filter>
    </ClInclude>
    <ClInclude Include="spti.h">
      <Filter>Header Files</Filter>
    </ClInclude>
    <ClInclude Include="stdafx.h">
      <Filter>Header Files</Filter>
    </ClInclude>
    <ClInclude Include="targetver.h">
      <Filter>Header Files</Filter>
    </ClInclude>
    <ClInclude Include="usbemu.h">
      <Filter>Header Files</Filter>
    </ClInclude>
    <ClInclude Include="WNASPI32.h">
      <Filter>Header Files</Filter>
    </ClInclude>
    <ClInclude Include="ClrOpticalSensor.h">
      <Filter>Header Files</Filter>
    </ClInclude>
    <ClInclude Include="OpticalSensor.h">
      <Filter>Header Files</Filter>
    </ClInclude>
  </ItemGroup>
  <ItemGroup>
    <ResourceCompile Include="optical_sensor.rc">
      <Filter>Resource Files</Filter>
    </ResourceCompile>
  </ItemGroup>
  <ItemGroup>
    <Text Include="ReadMe.txt" />
  </ItemGroup>
</Project>